
Microsoft Visual Studio Solution File, Format Version 12.00
# Visual Studio Version 17
VisualStudioVersion = 17.11.35327.3
MinimumVisualStudioVersion = 10.0.40219.1
Project("{FAE04EC0-301F-11D3-BF4B-00C04F79EFBC}") = "Evaluacion1", "Evaluacion1.csproj", "{6A7D30B5-1DCF-48B2-BACE-5AB5DA741FCD}"
EndProject
Global
	GlobalSection(SolutionConfigurationPlatforms) = preSolution
		Debug|Any CPU = Debug|Any CPU
		Release|Any CPU = Release|Any CPU
	EndGlobalSection
	GlobalSection(ProjectConfigurationPlatforms) = postSolution
		{6A7D30B5-1DCF-48B2-BACE-5AB5DA741FCD}.Debug|Any CPU.ActiveCfg = Debug|Any CPU
		{6A7D30B5-1DCF-48B2-BACE-5AB5DA741FCD}.Debug|Any CPU.Build.0 = Debug|Any CPU
		{6A7D30B5-1DCF-48B2-BACE-5AB5DA741FCD}.Release|Any CPU.ActiveCfg = Release|Any CPU
		{6A7D30B5-1DCF-48B2-BACE-5AB5DA741FCD}.Release|Any CPU.Build.0 = Release|Any CPU
	EndGlobalSection
	GlobalSection(SolutionProperties) = preSolution
		HideSolutionNode = FALSE
	EndGlobalSection
	GlobalSection(ExtensibilityGlobals) = postSolution
		SolutionGuid = {6F456624-0942-4CD8-9BE7-3433C21ED65C}
	EndGlobalSection
EndGlobal
